<?xml version="1.0" encoding="utf-8"?>
<Project ToolsVersion="4.0" xmlns="http://schemas.microsoft.com/developer/msbuild/2003">
  <ItemGroup>
    <ClCompile Include="main.cpp" />
    <ClCompile Include="User.cpp">
      <Filter>poco</Filter>
    </ClCompile>
    <ClCompile Include="CBaseTask.cpp">
      <Filter>task</Filter>
    </ClCompile>
    <ClCompile Include="CLoginTask.cpp">
      <Filter>task</Filter>
    </ClCompile>
    <ClCompile Include="OperationFactory.cpp">
      <Filter>Model</Filter>
    </ClCompile>
    <ClCompile Include="UserOperation.cpp">
      <Filter>Model</Filter>
    </ClCompile>
    <ClCompile Include="DBConnection.cpp">
      <Filter>Model</Filter>
    </ClCompile>
    <ClCompile Include="CBaseOperation.cpp">
      <Filter>Model</Filter>
    </ClCompile>
    <ClCompile Include="CTaskFactory.cpp">
      <Filter>task</Filter>
    </ClCompile>
    <ClCompile Include="RegisterTask.cpp">
      <Filter>task</Filter>
    </ClCompile>
    <ClCompile Include="CReadShmTask.cpp">
      <Filter>task</Filter>
    </ClCompile>
    <ClCompile Include="CFileUploadTask.cpp">
      <Filter>task</Filter>
    </ClCompile>
    <ClCompile Include="IPCManager.cpp">
      <Filter>tools</Filter>
    </ClCompile>
    <ClCompile Include="CThreadPool.cpp">
      <Filter>tools</Filter>
    </ClCompile>
    <ClCompile Include="CFileCheckTask.cpp">
      <Filter>task</Filter>
    </ClCompile>
    <ClCompile Include="CTools.cpp">
      <Filter>tools</Filter>
    </ClCompile>
    <ClCompile Include="Picture.cpp">
      <Filter>poco</Filter>
    </ClCompile>
    <ClCompile Include="PictureOperation.cpp">
      <Filter>Model</Filter>
    </ClCompile>
    <ClCompile Include="CCarEntryTask.cpp">
      <Filter>task</Filter>
    </ClCompile>
    <ClCompile Include="CCarLeaveTask.cpp">
      <Filter>task</Filter>
    </ClCompile>
    <ClCompile Include="Parking.cpp">
      <Filter>poco</Filter>
    </ClCompile>
    <ClCompile Include="ParkingOperation.cpp">
      <Filter>Model</Filter>
    </ClCompile>
    <ClCompile Include="CAgreeLeaveTask.cpp">
      <Filter>task</Filter>
    </ClCompile>
    <ClCompile Include="CUploadVideoTask.cpp">
      <Filter>task</Filter>
    </ClCompile>
    <ClCompile Include="Video.cpp">
      <Filter>poco</Filter>
    </ClCompile>
    <ClCompile Include="VpView.cpp">
      <Filter>poco</Filter>
    </ClCompile>
    <ClCompile Include="VideoOperation.cpp">
      <Filter>Model</Filter>
    </ClCompile>
    <ClCompile Include="CUpdateCarNumberTask.cpp">
      <Filter>task</Filter>
    </ClCompile>
    <ClCompile Include="LogInfo.cpp">
      <Filter>poco</Filter>
    </ClCompile>
    <ClCompile Include="LogOperation.cpp">
      <Filter>Model</Filter>
    </ClCompile>
    <ClCompile Include="CVideoDateTask.cpp">
      <Filter>task</Filter>
    </ClCompile>
    <ClCompile Include="CVideoListTask.cpp">
      <Filter>task</Filter>
    </ClCompile>
    <ClCompile Include="CUploadPlayinfoTask.cpp">
      <Filter>task</Filter>
    </ClCompile>
    <ClCompile Include="CParkingInfoTask.cpp">
      <Filter>task</Filter>
    </ClCompile>
    <ClCompile Include="ParkingPictureView.cpp">
      <Filter>poco</Filter>
    </ClCompile>
    <ClCompile Include="PPViewOperation.cpp">
      <Filter>Model</Filter>
    </ClCompile>
    <ClCompile Include="FileInfo.cpp">
      <Filter>tools</Filter>
    </ClCompile>
    <ClCompile Include="DataManager.cpp">
      <Filter>tools</Filter>
    </ClCompile>
    <ClCompile Include="COffLineTask.cpp">
      <Filter>task</Filter>
    </ClCompile>
    <ClCompile Include="RrConfig.cpp">
      <Filter>tools</Filter>
    </ClCompile>
  </ItemGroup>
  <ItemGroup>
    <ClInclude Include="User.h">
      <Filter>poco</Filter>
    </ClInclude>
    <ClInclude Include="CBaseTask.h">
      <Filter>task</Filter>
    </ClInclude>
    <ClInclude Include="CLoginTask.h">
      <Filter>task</Filter>
    </ClInclude>
    <ClInclude Include="CTaskFactory.h">
      <Filter>task</Filter>
    </ClInclude>
    <ClInclude Include="OperationFactory.h">
      <Filter>Model</Filter>
    </ClInclude>
    <ClInclude Include="UserOperation.h">
      <Filter>Model</Filter>
    </ClInclude>
    <ClInclude Include="DBConnection.h">
      <Filter>Model</Filter>
    </ClInclude>
    <ClInclude Include="CBaseOperation.h">
      <Filter>Model</Filter>
    </ClInclude>
    <ClInclude Include="RegisterTask.h">
      <Filter>task</Filter>
    </ClInclude>
    <ClInclude Include="CReadShmTask.h">
      <Filter>task</Filter>
    </ClInclude>
    <ClInclude Include="CFileUploadTask.h">
      <Filter>task</Filter>
    </ClInclude>
    <ClInclude Include="IPCManager.h">
      <Filter>tools</Filter>
    </ClInclude>
    <ClInclude Include="CThreadPool.h">
      <Filter>tools</Filter>
    </ClInclude>
    <ClInclude Include="protocol.h">
      <Filter>tools</Filter>
    </ClInclude>
    <ClInclude Include="CFileCheckTask.h">
      <Filter>task</Filter>
    </ClInclude>
    <ClInclude Include="CTools.h">
      <Filter>tools</Filter>
    </ClInclude>
    <ClInclude Include="Picture.h">
      <Filter>poco</Filter>
    </ClInclude>
    <ClInclude Include="PictureOperation.h">
      <Filter>Model</Filter>
    </ClInclude>
    <ClInclude Include="CCarEntryTask.h">
      <Filter>task</Filter>
    </ClInclude>
    <ClInclude Include="CCarLeaveTask.h">
      <Filter>task</Filter>
    </ClInclude>
    <ClInclude Include="Parking.h">
      <Filter>poco</Filter>
    </ClInclude>
    <ClInclude Include="ParkingOperation.h">
      <Filter>Model</Filter>
    </ClInclude>
    <ClInclude Include="CAgreeLeaveTask.h">
      <Filter>task</Filter>
    </ClInclude>
    <ClInclude Include="CUploadVideoTask.h">
      <Filter>task</Filter>
    </ClInclude>
    <ClInclude Include="Video.h">
      <Filter>poco</Filter>
    </ClInclude>
    <ClInclude Include="VpView.h">
      <Filter>poco</Filter>
    </ClInclude>
    <ClInclude Include="VideoOperation.h">
      <Filter>Model</Filter>
    </ClInclude>
    <ClInclude Include="CUpdateCarNumberTask.h">
      <Filter>task</Filter>
    </ClInclude>
    <ClInclude Include="LogInfo.h">
      <Filter>poco</Filter>
    </ClInclude>
    <ClInclude Include="LogOperation.h">
      <Filter>Model</Filter>
    </ClInclude>
    <ClInclude Include="CVideoDateTask.h">
      <Filter>task</Filter>
    </ClInclude>
    <ClInclude Include="CVideoListTask.h">
      <Filter>task</Filter>
    </ClInclude>
    <ClInclude Include="CUploadPlayinfoTask.h">
      <Filter>task</Filter>
    </ClInclude>
    <ClInclude Include="CParkingInfoTask.h">
      <Filter>task</Filter>
    </ClInclude>
    <ClInclude Include="ParkingPictureView.h">
      <Filter>poco</Filter>
    </ClInclude>
    <ClInclude Include="PPViewOperation.h">
      <Filter>Model</Filter>
    </ClInclude>
    <ClInclude Include="FileInfo.h">
      <Filter>tools</Filter>
    </ClInclude>
    <ClInclude Include="DataManager.h">
      <Filter>tools</Filter>
    </ClInclude>
    <ClInclude Include="COffLineTask.h">
      <Filter>task</Filter>
    </ClInclude>
    <ClInclude Include="RrConfig.h">
      <Filter>tools</Filter>
    </ClInclude>
  </ItemGroup>
  <ItemGroup>
    <Filter Include="poco">
      <UniqueIdentifier>{bc8def6c-e609-4d90-a743-5f8a4e4b5b3b}</UniqueIdentifier>
    </Filter>
    <Filter Include="task">
      <UniqueIdentifier>{a612307f-0731-4657-8dc7-6cf881733986}</UniqueIdentifier>
    </Filter>
    <Filter Include="Model">
      <UniqueIdentifier>{2813eb75-0661-4c7f-9795-5f17c6b2cf80}</UniqueIdentifier>
    </Filter>
    <Filter Include="tools">
      <UniqueIdentifier>{9ebb4565-93cc-458d-8378-d1a63f66e1fb}</UniqueIdentifier>
    </Filter>
  </ItemGroup>
  <ItemGroup>
    <None Include="bin\x64\Debug\config.ini" />
  </ItemGroup>
</Project>