<?xml version="1.0" encoding="utf-8"?>
<Project ToolsVersion="4.0" xmlns="http://schemas.microsoft.com/developer/msbuild/2003">
  <ItemGroup>
    <ClCompile Include="main.cpp" />
    <ClCompile Include="User.cpp">
      <Filter>poco</Filter>
    </ClCompile>
    <ClCompile Include="CBaseTask.cpp">
      <Filter>task</Filter>
    </ClCompile>
    <ClCompile Include="CLoginTask.cpp">
      <Filter>task</Filter>
    </ClCompile>
    <ClCompile Include="OperationFactory.cpp">
      <Filter>Model</Filter>
    </ClCompile>
    <ClCompile Include="UserOperation.cpp">
      <Filter>Model</Filter>
    </ClCompile>
    <ClCompile Include="DBConnection.cpp">
      <Filter>Model</Filter>
    </ClCompile>
    <ClCompile Include="CBaseOperation.cpp">
      <Filter>Model</Filter>
    </ClCompile>
    <ClCompile Include="CTaskFactory.cpp">
      <Filter>task</Filter>
    </ClCompile>
    <ClCompile Include="RegisterTask.cpp">
      <Filter>task</Filter>
    </ClCompile>
    <ClCompile Include="CReadShmTask.cpp">
      <Filter>task</Filter>
    </ClCompile>
    <ClCompile Include="CFileUploadTask.cpp">
      <Filter>task</Filter>
    </ClCompile>
    <ClCompile Include="IPCManager.cpp">
      <Filter>tools</Filter>
    </ClCompile>
    <ClCompile Include="CThreadPool.cpp">
      <Filter>tools</Filter>
    </ClCompile>
    <ClCompile Include="CFileCheckTask.cpp">
      <Filter>task</Filter>
    </ClCompile>
    <ClCompile Include="CTools.cpp">
      <Filter>tools</Filter>
    </ClCompile>
    <ClCompile Include="DataManager.cpp">
      <Filter>data</Filter>
    </ClCompile>
    <ClCompile Include="FileInfo.cpp">
      <Filter>data</Filter>
    </ClCompile>
    <ClCompile Include="Picture.cpp">
      <Filter>poco</Filter>
    </ClCompile>
    <ClCompile Include="PictureOperation.cpp">
      <Filter>Model</Filter>
    </ClCompile>
    <ClCompile Include="CCarEntryTask.cpp">
      <Filter>task</Filter>
    </ClCompile>
    <ClCompile Include="CCarLeaveTask.cpp">
      <Filter>task</Filter>
    </ClCompile>
    <ClCompile Include="Parking.cpp">
      <Filter>poco</Filter>
    </ClCompile>
    <ClCompile Include="ParkingOperation.cpp">
      <Filter>Model</Filter>
    </ClCompile>
  </ItemGroup>
  <ItemGroup>
    <ClInclude Include="User.h">
      <Filter>poco</Filter>
    </ClInclude>
    <ClInclude Include="CBaseTask.h">
      <Filter>task</Filter>
    </ClInclude>
    <ClInclude Include="CLoginTask.h">
      <Filter>task</Filter>
    </ClInclude>
    <ClInclude Include="CTaskFactory.h">
      <Filter>task</Filter>
    </ClInclude>
    <ClInclude Include="OperationFactory.h">
      <Filter>Model</Filter>
    </ClInclude>
    <ClInclude Include="UserOperation.h">
      <Filter>Model</Filter>
    </ClInclude>
    <ClInclude Include="DBConnection.h">
      <Filter>Model</Filter>
    </ClInclude>
    <ClInclude Include="CBaseOperation.h">
      <Filter>Model</Filter>
    </ClInclude>
    <ClInclude Include="RegisterTask.h">
      <Filter>task</Filter>
    </ClInclude>
    <ClInclude Include="CReadShmTask.h">
      <Filter>task</Filter>
    </ClInclude>
    <ClInclude Include="CFileUploadTask.h">
      <Filter>task</Filter>
    </ClInclude>
    <ClInclude Include="IPCManager.h">
      <Filter>tools</Filter>
    </ClInclude>
    <ClInclude Include="CThreadPool.h">
      <Filter>tools</Filter>
    </ClInclude>
    <ClInclude Include="protocol.h">
      <Filter>tools</Filter>
    </ClInclude>
    <ClInclude Include="CFileCheckTask.h">
      <Filter>task</Filter>
    </ClInclude>
    <ClInclude Include="CTools.h">
      <Filter>tools</Filter>
    </ClInclude>
    <ClInclude Include="DataManager.h">
      <Filter>data</Filter>
    </ClInclude>
    <ClInclude Include="FileInfo.h">
      <Filter>data</Filter>
    </ClInclude>
    <ClInclude Include="Picture.h">
      <Filter>poco</Filter>
    </ClInclude>
    <ClInclude Include="PictureOperation.h">
      <Filter>Model</Filter>
    </ClInclude>
    <ClInclude Include="CCarEntryTask.h">
      <Filter>task</Filter>
    </ClInclude>
    <ClInclude Include="CCarLeaveTask.h">
      <Filter>task</Filter>
    </ClInclude>
    <ClInclude Include="Parking.h">
      <Filter>poco</Filter>
    </ClInclude>
    <ClInclude Include="ParkingOperation.h">
      <Filter>Model</Filter>
    </ClInclude>
  </ItemGroup>
  <ItemGroup>
    <Filter Include="poco">
      <UniqueIdentifier>{bc8def6c-e609-4d90-a743-5f8a4e4b5b3b}</UniqueIdentifier>
    </Filter>
    <Filter Include="task">
      <UniqueIdentifier>{a612307f-0731-4657-8dc7-6cf881733986}</UniqueIdentifier>
    </Filter>
    <Filter Include="Model">
      <UniqueIdentifier>{2813eb75-0661-4c7f-9795-5f17c6b2cf80}</UniqueIdentifier>
    </Filter>
    <Filter Include="tools">
      <UniqueIdentifier>{9ebb4565-93cc-458d-8378-d1a63f66e1fb}</UniqueIdentifier>
    </Filter>
    <Filter Include="data">
      <UniqueIdentifier>{bb8ada83-075f-4075-ba73-7ca7a9286f8f}</UniqueIdentifier>
    </Filter>
  </ItemGroup>
</Project>